
Microsoft Visual Studio Solution File, Format Version 12.00
# Visual Studio Version 17
VisualStudioVersion = 17.3.32825.248
MinimumVisualStudioVersion = 10.0.40219.1
Project("{9A19103F-16F7-4668-BE54-9A1E7A4F7556}") = "forms.Repositories", "forms.Repositories\forms.Repositories.csproj", "{01DA9313-8DD2-4EBB-920F-AB4BB08A1369}"
EndProject
Project("{9A19103F-16F7-4668-BE54-9A1E7A4F7556}") = "FormDbContext", "FormDbContext\FormDbContext.csproj", "{E15F07C4-CB55-4E8E-9055-88B63F910890}"
EndProject
Project("{9A19103F-16F7-4668-BE54-9A1E7A4F7556}") = "Forms.Common", "Forms.Common\Forms.Common.csproj", "{C8FE75D4-E34C-4737-80D9-EDD0D7103539}"
EndProject
Project("{9A19103F-16F7-4668-BE54-9A1E7A4F7556}") = "Forms.Services", "Forms.Services\Forms.Services.csproj", "{AB43A276-7B26-40FF-95FE-3CA56C089053}"
EndProject
Project("{FAE04EC0-301F-11D3-BF4B-00C04F79EFBC}") = "Forms.webApi", "Forms.webApi\Forms.webApi.csproj", "{B0CBD93C-74C7-4B02-8F52-74AB577775B9}"
EndProject
Global
	GlobalSection(SolutionConfigurationPlatforms) = preSolution
		Debug|Any CPU = Debug|Any CPU
		Release|Any CPU = Release|Any CPU
	EndGlobalSection
	GlobalSection(ProjectConfigurationPlatforms) = postSolution
		{01DA9313-8DD2-4EBB-920F-AB4BB08A1369}.Debug|Any CPU.ActiveCfg = Debug|Any CPU
		{01DA9313-8DD2-4EBB-920F-AB4BB08A1369}.Debug|Any CPU.Build.0 = Debug|Any CPU
		{01DA9313-8DD2-4EBB-920F-AB4BB08A1369}.Release|Any CPU.ActiveCfg = Release|Any CPU
		{01DA9313-8DD2-4EBB-920F-AB4BB08A1369}.Release|Any CPU.Build.0 = Release|Any CPU
		{E15F07C4-CB55-4E8E-9055-88B63F910890}.Debug|Any CPU.ActiveCfg = Debug|Any CPU
		{E15F07C4-CB55-4E8E-9055-88B63F910890}.Debug|Any CPU.Build.0 = Debug|Any CPU
		{E15F07C4-CB55-4E8E-9055-88B63F910890}.Release|Any CPU.ActiveCfg = Release|Any CPU
		{E15F07C4-CB55-4E8E-9055-88B63F910890}.Release|Any CPU.Build.0 = Release|Any CPU
		{C8FE75D4-E34C-4737-80D9-EDD0D7103539}.Debug|Any CPU.ActiveCfg = Debug|Any CPU
		{C8FE75D4-E34C-4737-80D9-EDD0D7103539}.Debug|Any CPU.Build.0 = Debug|Any CPU
		{C8FE75D4-E34C-4737-80D9-EDD0D7103539}.Release|Any CPU.ActiveCfg = Release|Any CPU
		{C8FE75D4-E34C-4737-80D9-EDD0D7103539}.Release|Any CPU.Build.0 = Release|Any CPU
		{AB43A276-7B26-40FF-95FE-3CA56C089053}.Debug|Any CPU.ActiveCfg = Debug|Any CPU
		{AB43A276-7B26-40FF-95FE-3CA56C089053}.Debug|Any CPU.Build.0 = Debug|Any CPU
		{AB43A276-7B26-40FF-95FE-3CA56C089053}.Release|Any CPU.ActiveCfg = Release|Any CPU
		{AB43A276-7B26-40FF-95FE-3CA56C089053}.Release|Any CPU.Build.0 = Release|Any CPU
		{B0CBD93C-74C7-4B02-8F52-74AB577775B9}.Debug|Any CPU.ActiveCfg = Debug|Any CPU
		{B0CBD93C-74C7-4B02-8F52-74AB577775B9}.Debug|Any CPU.Build.0 = Debug|Any CPU
		{B0CBD93C-74C7-4B02-8F52-74AB577775B9}.Release|Any CPU.ActiveCfg = Release|Any CPU
		{B0CBD93C-74C7-4B02-8F52-74AB577775B9}.Release|Any CPU.Build.0 = Release|Any CPU
	EndGlobalSection
	GlobalSection(SolutionProperties) = preSolution
		HideSolutionNode = FALSE
	EndGlobalSection
	GlobalSection(ExtensibilityGlobals) = postSolution
		SolutionGuid = {A2956FA9-F20E-463B-A48C-6C40CD2ACB73}
	EndGlobalSection
EndGlobal
